
Microsoft Visual Studio Solution File, Format Version 12.00
# Visual Studio Version 16
VisualStudioVersion = 16.0.33328.57
MinimumVisualStudioVersion = 10.0.40219.1
Project("{FAE04EC0-301F-11D3-BF4B-00C04F79EFBC}") = "Ex4_2", "Ex4_2\Ex4_2.csproj", "{46B07512-DF07-489B-8286-AF26073FE755}"
EndProject
Global
	GlobalSection(SolutionConfigurationPlatforms) = preSolution
		Debug|Any CPU = Debug|Any CPU
		Release|Any CPU = Release|Any CPU
	EndGlobalSection
	GlobalSection(ProjectConfigurationPlatforms) = postSolution
		{46B07512-DF07-489B-8286-AF26073FE755}.Debug|Any CPU.ActiveCfg = Debug|Any CPU
		{46B07512-DF07-489B-8286-AF26073FE755}.Debug|Any CPU.Build.0 = Debug|Any CPU
		{46B07512-DF07-489B-8286-AF26073FE755}.Release|Any CPU.ActiveCfg = Release|Any CPU
		{46B07512-DF07-489B-8286-AF26073FE755}.Release|Any CPU.Build.0 = Release|Any CPU
	EndGlobalSection
	GlobalSection(SolutionProperties) = preSolution
		HideSolutionNode = FALSE
	EndGlobalSection
	GlobalSection(ExtensibilityGlobals) = postSolution
		SolutionGuid = {CE371916-3E04-4C71-A6E2-846B6A6381BA}
	EndGlobalSection
EndGlobal
